
Microsoft Visual Studio Solution File, Format Version 12.00
# Visual Studio Version 16
VisualStudioVersion = 16.0.31410.357
MinimumVisualStudioVersion = 10.0.40219.1
Project("{FAE04EC0-301F-11D3-BF4B-00C04F79EFBC}") = "VArchiveNet4", "VArchiveNet4\VArchiveNet4.csproj", "{874441C0-36EE-4B41-A49B-934D46607885}"
EndProject
Global
	GlobalSection(SolutionConfigurationPlatforms) = preSolution
		Debug|Any CPU = Debug|Any CPU
		Release|Any CPU = Release|Any CPU
	EndGlobalSection
	GlobalSection(ProjectConfigurationPlatforms) = postSolution
		{874441C0-36EE-4B41-A49B-934D46607885}.Debug|Any CPU.ActiveCfg = Release|Any CPU
		{874441C0-36EE-4B41-A49B-934D46607885}.Debug|Any CPU.Build.0 = Release|Any CPU
		{874441C0-36EE-4B41-A49B-934D46607885}.Release|Any CPU.ActiveCfg = Release|Any CPU
		{874441C0-36EE-4B41-A49B-934D46607885}.Release|Any CPU.Build.0 = Release|Any CPU
	EndGlobalSection
	GlobalSection(SolutionProperties) = preSolution
		HideSolutionNode = FALSE
	EndGlobalSection
	GlobalSection(ExtensibilityGlobals) = postSolution
		SolutionGuid = {15D3E92F-1687-4632-9153-5229039FC05A}
	EndGlobalSection
EndGlobal
